
Microsoft Visual Studio Solution File, Format Version 12.00
# Visual Studio Version 17
VisualStudioVersion = 17.6.33829.357
MinimumVisualStudioVersion = 10.0.40219.1
Project("{9A19103F-16F7-4668-BE54-9A1E7A4F7556}") = "KampusSggwBackend", "KampusSggwBackend\KampusSggwBackend.csproj", "{758C7748-EAA1-4BB8-9225-DD4311B390D5}"
EndProject
Project("{9A19103F-16F7-4668-BE54-9A1E7A4F7556}") = "KampusSggwBackend.Data", "KampusSggwBackend.Data\KampusSggwBackend.Data.csproj", "{4CDCCE78-6A96-462C-92C7-677B2B86F010}"
EndProject
Project("{9A19103F-16F7-4668-BE54-9A1E7A4F7556}") = "KampusSggwBackend.Domain", "KampusSggwBackend.Domain\KampusSggwBackend.Domain.csproj", "{64762AD3-059F-4B97-BCAA-75E5546AAE45}"
EndProject
Project("{9A19103F-16F7-4668-BE54-9A1E7A4F7556}") = "KampusSggwBackend.Infrastructure", "KampusSggwBackend.Infrastructure\KampusSggwBackend.Infrastructure.csproj", "{73D0AFB7-9AB6-4E89-A4B8-A54260FE76DB}"
EndProject
Global
	GlobalSection(SolutionConfigurationPlatforms) = preSolution
		Debug|Any CPU = Debug|Any CPU
		Release|Any CPU = Release|Any CPU
	EndGlobalSection
	GlobalSection(ProjectConfigurationPlatforms) = postSolution
		{758C7748-EAA1-4BB8-9225-DD4311B390D5}.Debug|Any CPU.ActiveCfg = Debug|Any CPU
		{758C7748-EAA1-4BB8-9225-DD4311B390D5}.Debug|Any CPU.Build.0 = Debug|Any CPU
		{758C7748-EAA1-4BB8-9225-DD4311B390D5}.Release|Any CPU.ActiveCfg = Release|Any CPU
		{758C7748-EAA1-4BB8-9225-DD4311B390D5}.Release|Any CPU.Build.0 = Release|Any CPU
		{4CDCCE78-6A96-462C-92C7-677B2B86F010}.Debug|Any CPU.ActiveCfg = Debug|Any CPU
		{4CDCCE78-6A96-462C-92C7-677B2B86F010}.Debug|Any CPU.Build.0 = Debug|Any CPU
		{4CDCCE78-6A96-462C-92C7-677B2B86F010}.Release|Any CPU.ActiveCfg = Release|Any CPU
		{4CDCCE78-6A96-462C-92C7-677B2B86F010}.Release|Any CPU.Build.0 = Release|Any CPU
		{64762AD3-059F-4B97-BCAA-75E5546AAE45}.Debug|Any CPU.ActiveCfg = Debug|Any CPU
		{64762AD3-059F-4B97-BCAA-75E5546AAE45}.Debug|Any CPU.Build.0 = Debug|Any CPU
		{64762AD3-059F-4B97-BCAA-75E5546AAE45}.Release|Any CPU.ActiveCfg = Release|Any CPU
		{64762AD3-059F-4B97-BCAA-75E5546AAE45}.Release|Any CPU.Build.0 = Release|Any CPU
		{73D0AFB7-9AB6-4E89-A4B8-A54260FE76DB}.Debug|Any CPU.ActiveCfg = Debug|Any CPU
		{73D0AFB7-9AB6-4E89-A4B8-A54260FE76DB}.Debug|Any CPU.Build.0 = Debug|Any CPU
		{73D0AFB7-9AB6-4E89-A4B8-A54260FE76DB}.Release|Any CPU.ActiveCfg = Release|Any CPU
		{73D0AFB7-9AB6-4E89-A4B8-A54260FE76DB}.Release|Any CPU.Build.0 = Release|Any CPU
	EndGlobalSection
	GlobalSection(SolutionProperties) = preSolution
		HideSolutionNode = FALSE
	EndGlobalSection
	GlobalSection(ExtensibilityGlobals) = postSolution
		SolutionGuid = {93160623-E2EA-4DBF-A976-6189D9C5EBD4}
	EndGlobalSection
EndGlobal
